{
  "pins" : [
    {
      "identity" : "swiftuicustomtaglistview",
      "kind" : "remoteSourceControl",
      "location" : "git@github.com:chitomo12/SwiftUICustomTagListView.git",
      "state" : {
        "branch" : "main",
        "revision" : "971b884bf48ab766acec1583efa1bb4734b0bc85"
      }
    }
  ],
  "version" : 2
}
